
Microsoft Visual Studio Solution File, Format Version 12.00
# Visual Studio Version 17
VisualStudioVersion = 17.11.35312.102
MinimumVisualStudioVersion = 10.0.40219.1
Project("{FAE04EC0-301F-11D3-BF4B-00C04F79EFBC}") = "AppSeguridad", "AppSeguridad\AppSeguridad.csproj", "{85DBDC95-CC6D-49CE-8129-3817DF4EC104}"
EndProject
Global
	GlobalSection(SolutionConfigurationPlatforms) = preSolution
		Debug|Any CPU = Debug|Any CPU
		Release|Any CPU = Release|Any CPU
	EndGlobalSection
	GlobalSection(ProjectConfigurationPlatforms) = postSolution
		{85DBDC95-CC6D-49CE-8129-3817DF4EC104}.Debug|Any CPU.ActiveCfg = Debug|Any CPU
		{85DBDC95-CC6D-49CE-8129-3817DF4EC104}.Debug|Any CPU.Build.0 = Debug|Any CPU
		{85DBDC95-CC6D-49CE-8129-3817DF4EC104}.Release|Any CPU.ActiveCfg = Release|Any CPU
		{85DBDC95-CC6D-49CE-8129-3817DF4EC104}.Release|Any CPU.Build.0 = Release|Any CPU
	EndGlobalSection
	GlobalSection(SolutionProperties) = preSolution
		HideSolutionNode = FALSE
	EndGlobalSection
	GlobalSection(ExtensibilityGlobals) = postSolution
		SolutionGuid = {38B7CB07-1EAD-4ED4-A0F0-3D1EA0F09C68}
	EndGlobalSection
EndGlobal
